PODS:
  - MMKV (1.2.13):
    - MMKVCore (~> 1.2.13)
  - MMKVCore (1.2.13)

DEPENDENCIES:
  - MMKV (= 1.2.13)

SPEC REPOS:
  trunk:
    - MMKV
    - MMKVCore

SPEC CHECKSUMS:
  MMKV: aac95d817a100479445633f2b3ed8961b4ac5043
  MMKVCore: 3388952ded307e41b3ed8a05892736a236ed1b8e

PODFILE CHECKSUM: a6ccc89713e30891d162bbae90950be9ab82867b

COCOAPODS: 1.11.3
