// !$*UTF8*$!
{
	archiveVersion = 1;
	classes = {
	};
	objectVersion = 55;
	objects = {

/* Begin PBXBuildFile section */
		40A874782811373D009D2B66 /* AppDelegate.m in Sources */ = {isa = PBXBuildFile; fileRef = 40A874772811373D009D2B66 /* AppDelegate.m */; };
		40A8747B2811373D009D2B66 /* SceneDelegate.m in Sources */ = {isa = PBXBuildFile; fileRef = 40A8747A2811373D009D2B66 /* SceneDelegate.m */; };
		40A8747E2811373D009D2B66 /* ViewController.m in Sources */ = {isa = PBXBuildFile; fileRef = 40A8747D2811373D009D2B66 /* ViewController.m */; };
		40A874812811373D009D2B66 /* Main.storyboard in Resources */ = {isa = PBXBuildFile; fileRef = 40A8747F2811373D009D2B66 /* Main.storyboard */; };
		40A8748328113740009D2B66 /* Assets.xcassets in Resources */ = {isa = PBXBuildFile; fileRef = 40A8748228113740009D2B66 /* Assets.xcassets */; };
		40A8748628113740009D2B66 /* LaunchScreen.storyboard in Resources */ = {isa = PBXBuildFile; fileRef = 40A8748428113740009D2B66 /* LaunchScreen.storyboard */; };
		40A8748928113740009D2B66 /* main.m in Sources */ = {isa = PBXBuildFile; fileRef = 40A8748828113740009D2B66 /* main.m */; };
		4743A431F9F3A741C73A31D7 /* Pods_TestMMKVSize.framework in Frameworks */ = {isa = PBXBuildFile; fileRef = E7CF8C14394575B2D07E70A8 /* Pods_TestMMKVSize.framework */; };
/* End PBXBuildFile section */

/* Begin PBXFileReference section */
		40A874732811373D009D2B66 /* TestMMKVSize.app */ = {isa = PBXFileReference; explicitFileType = wrapper.application; includeInIndex = 0; path = TestMMKVSize.app; sourceTree = BUILT_PRODUCTS_DIR; };
		40A874762811373D009D2B66 /* AppDelegate.h */ = {isa = PBXFileReference; lastKnownFileType = sourcecode.c.h; path = AppDelegate.h; sourceTree = "<group>"; };
		40A874772811373D009D2B66 /* AppDelegate.m */ = {isa = PBXFileReference; lastKnownFileType = sourcecode.c.objc; path = AppDelegate.m; sourceTree = "<group>"; };
		40A874792811373D009D2B66 /* SceneDelegate.h */ = {isa = PBXFileReference; lastKnownFileType = sourcecode.c.h; path = SceneDelegate.h; sourceTree = "<group>"; };
		40A8747A2811373D009D2B66 /* SceneDelegate.m */ = {isa = PBXFileReference; lastKnownFileType = sourcecode.c.objc; path = SceneDelegate.m; sourceTree = "<group>"; };
		40A8747C2811373D009D2B66 /* ViewController.h */ = {isa = PBXFileReference; lastKnownFileType = sourcecode.c.h; path = ViewController.h; sourceTree = "<group>"; };
		40A8747D2811373D009D2B66 /* ViewController.m */ = {isa = PBXFileReference; lastKnownFileType = sourcecode.c.objc; path = ViewController.m; sourceTree = "<group>"; };
		40A874802811373D009D2B66 /* Base */ = {isa = PBXFileReference; lastKnownFileType = file.storyboard; name = Base; path = Base.lproj/Main.storyboard; sourceTree = "<group>"; };
		40A8748228113740009D2B66 /* Assets.xcassets */ = {isa = PBXFileReference; lastKnownFileType = folder.assetcatalog; path = Assets.xcassets; sourceTree = "<group>"; };
		40A8748528113740009D2B66 /* Base */ = {isa = PBXFileReference; lastKnownFileType = file.storyboard; name = Base; path = Base.lproj/LaunchScreen.storyboard; sourceTree = "<group>"; };
		40A8748728113740009D2B66 /* Info.plist */ = {isa = PBXFileReference; lastKnownFileType = text.plist.xml; path = Info.plist; sourceTree = "<group>"; };
		40A8748828113740009D2B66 /* main.m */ = {isa = PBXFileReference; lastKnownFileType = sourcecode.c.objc; path = main.m; sourceTree = "<group>"; };
		461E9F2BF07274A5DC560159 /* Pods-TestMMKVSize.debug.xcconfig */ = {isa = PBXFileReference; includeInIndex = 1; lastKnownFileType = text.xcconfig; name = "Pods-TestMMKVSize.debug.xcconfig"; path = "Target Support Files/Pods-TestMMKVSize/Pods-TestMMKVSize.debug.xcconfig"; sourceTree = "<group>"; };
		E7CF8C14394575B2D07E70A8 /* Pods_TestMMKVSize.framework */ = {isa = PBXFileReference; explicitFileType = wrapper.framework; includeInIndex = 0; path = Pods_TestMMKVSize.framework; sourceTree = BUILT_PRODUCTS_DIR; };
		E9088BB0A330F05BC7E13F11 /* Pods-TestMMKVSize.release.xcconfig */ = {isa = PBXFileReference; includeInIndex = 1; lastKnownFileType = text.xcconfig; name = "Pods-TestMMKVSize.release.xcconfig"; path = "Target Support Files/Pods-TestMMKVSize/Pods-TestMMKVSize.release.xcconfig"; sourceTree = "<group>"; };
/* End PBXFileReference section */

/* Begin PBXFrameworksBuildPhase section */
		40A874702811373D009D2B66 /* Frameworks */ = {
			isa = PBXFrameworksBuildPhase;
			buildActionMask = 2147483647;
			files = (
				4743A431F9F3A741C73A31D7 /* Pods_TestMMKVSize.framework in Frameworks */,
			);
			runOnlyForDeploymentPostprocessing = 0;
		};
/* End PBXFrameworksBuildPhase section */

/* Begin PBXGroup section */
		40A8746A2811373D009D2B66 = {
			isa = PBXGroup;
			children = (
				40A874752811373D009D2B66 /* TestMMKVSize */,
				40A874742811373D009D2B66 /* Products */,
				AA53C522054292C6C06CA928 /* Pods */,
				E4A740F2D4AC0734E2B2B491 /* Frameworks */,
			);
			sourceTree = "<group>";
		};
		40A874742811373D009D2B66 /* Products */ = {
			isa = PBXGroup;
			children = (
				40A874732811373D009D2B66 /* TestMMKVSize.app */,
			);
			name = Products;
			sourceTree = "<group>";
		};
		40A874752811373D009D2B66 /* TestMMKVSize */ = {
			isa = PBXGroup;
			children = (
				40A874762811373D009D2B66 /* AppDelegate.h */,
				40A874772811373D009D2B66 /* AppDelegate.m */,
				40A874792811373D009D2B66 /* SceneDelegate.h */,
				40A8747A2811373D009D2B66 /* SceneDelegate.m */,
				40A8747C2811373D009D2B66 /* ViewController.h */,
				40A8747D2811373D009D2B66 /* ViewController.m */,
				40A8747F2811373D009D2B66 /* Main.storyboard */,
				40A8748228113740009D2B66 /* Assets.xcassets */,
				40A8748428113740009D2B66 /* LaunchScreen.storyboard */,
				40A8748728113740009D2B66 /* Info.plist */,
				40A8748828113740009D2B66 /* main.m */,
			);
			path = TestMMKVSize;
			sourceTree = "<group>";
		};
		AA53C522054292C6C06CA928 /* Pods */ = {
			isa = PBXGroup;
			children = (
				461E9F2BF07274A5DC560159 /* Pods-TestMMKVSize.debug.xcconfig */,
				E9088BB0A330F05BC7E13F11 /* Pods-TestMMKVSize.release.xcconfig */,
			);
			path = Pods;
			sourceTree = "<group>";
		};
		E4A740F2D4AC0734E2B2B491 /* Frameworks */ = {
			isa = PBXGroup;
			children = (
				E7CF8C14394575B2D07E70A8 /* Pods_TestMMKVSize.framework */,
			);
			name = Frameworks;
			sourceTree = "<group>";
		};
/* End PBXGroup section */

/* Begin PBXNativeTarget section */
		40A874722811373D009D2B66 /* TestMMKVSize */ = {
			isa = PBXNativeTarget;
			buildConfigurationList = 40A8748C28113740009D2B66 /* Build configuration list for PBXNativeTarget "TestMMKVSize" */;
			buildPhases = (
				DF399F3D96F926CCEC3172B0 /* [CP] Check Pods Manifest.lock */,
				40A8746F2811373D009D2B66 /* Sources */,
				40A874702811373D009D2B66 /* Frameworks */,
				40A874712811373D009D2B66 /* Resources */,
				FFED944F3077DCF2ED3839C8 /* [CP] Embed Pods Frameworks */,
			);
			buildRules = (
			);
			dependencies = (
			);
			name = TestMMKVSize;
			productName = TestMMKVSize;
			productReference = 40A874732811373D009D2B66 /* TestMMKVSize.app */;
			productType = "com.apple.product-type.application";
		};
/* End PBXNativeTarget section */

/* Begin PBXProject section */
		40A8746B2811373D009D2B66 /* Project object */ = {
			isa = PBXProject;
			attributes = {
				BuildIndependentTargetsInParallel = 1;
				LastUpgradeCheck = 1310;
				TargetAttributes = {
					40A874722811373D009D2B66 = {
						CreatedOnToolsVersion = 13.1;
					};
				};
			};
			buildConfigurationList = 40A8746E2811373D009D2B66 /* Build configuration list for PBXProject "TestMMKVSize" */;
			compatibilityVersion = "Xcode 13.0";
			developmentRegion = en;
			hasScannedForEncodings = 0;
			knownRegions = (
				en,
				Base,
			);
			mainGroup = 40A8746A2811373D009D2B66;
			productRefGroup = 40A874742811373D009D2B66 /* Products */;
			projectDirPath = "";
			projectRoot = "";
			targets = (
				40A874722811373D009D2B66 /* TestMMKVSize */,
			);
		};
/* End PBXProject section */

/* Begin PBXResourcesBuildPhase section */
		40A874712811373D009D2B66 /* Resources */ = {
			isa = PBXResourcesBuildPhase;
			buildActionMask = 2147483647;
			files = (
				40A8748628113740009D2B66 /* LaunchScreen.storyboard in Resources */,
				40A8748328113740009D2B66 /* Assets.xcassets in Resources */,
				40A874812811373D009D2B66 /* Main.storyboard in Resources */,
			);
			runOnlyForDeploymentPostprocessing = 0;
		};
/* End PBXResourcesBuildPhase section */

/* Begin PBXShellScriptBuildPhase section */
		DF399F3D96F926CCEC3172B0 /* [CP] Check Pods Manifest.lock */ = {
			isa = PBXShellScriptBuildPhase;
			buildActionMask = 2147483647;
			files = (
			);
			inputFileListPaths = (
			);
			inputPaths = (
				"${PODS_PODFILE_DIR_PATH}/Podfile.lock",
				"${PODS_ROOT}/Manifest.lock",
			);
			name = "[CP] Check Pods Manifest.lock";
			outputFileListPaths = (
			);
			outputPaths = (
				"$(DERIVED_FILE_DIR)/Pods-TestMMKVSize-checkManifestLockResult.txt",
			);
			runOnlyForDeploymentPostprocessing = 0;
			shellPath = /bin/sh;
			shellScript = "diff \"${PODS_PODFILE_DIR_PATH}/Podfile.lock\" \"${PODS_ROOT}/Manifest.lock\" > /dev/null\nif [ $? != 0 ] ; then\n    # print error to STDERR\n    echo \"error: The sandbox is not in sync with the Podfile.lock. Run 'pod install' or update your CocoaPods installation.\" >&2\n    exit 1\nfi\n# This output is used by Xcode 'outputs' to avoid re-running this script phase.\necho \"SUCCESS\" > \"${SCRIPT_OUTPUT_FILE_0}\"\n";
			showEnvVarsInLog = 0;
		};
		FFED944F3077DCF2ED3839C8 /* [CP] Embed Pods Frameworks */ = {
			isa = PBXShellScriptBuildPhase;
			buildActionMask = 2147483647;
			files = (
			);
			inputFileListPaths = (
				"${PODS_ROOT}/Target Support Files/Pods-TestMMKVSize/Pods-TestMMKVSize-frameworks-${CONFIGURATION}-input-files.xcfilelist",
			);
			name = "[CP] Embed Pods Frameworks";
			outputFileListPaths = (
				"${PODS_ROOT}/Target Support Files/Pods-TestMMKVSize/Pods-TestMMKVSize-frameworks-${CONFIGURATION}-output-files.xcfilelist",
			);
			runOnlyForDeploymentPostprocessing = 0;
			shellPath = /bin/sh;
			shellScript = "\"${PODS_ROOT}/Target Support Files/Pods-TestMMKVSize/Pods-TestMMKVSize-frameworks.sh\"\n";
			showEnvVarsInLog = 0;
		};
/* End PBXShellScriptBuildPhase section */

/* Begin PBXSourcesBuildPhase section */
		40A8746F2811373D009D2B66 /* Sources */ = {
			isa = PBXSourcesBuildPhase;
			buildActionMask = 2147483647;
			files = (
				40A8747E2811373D009D2B66 /* ViewController.m in Sources */,
				40A874782811373D009D2B66 /* AppDelegate.m in Sources */,
				40A8748928113740009D2B66 /* main.m in Sources */,
				40A8747B2811373D009D2B66 /* SceneDelegate.m in Sources */,
			);
			runOnlyForDeploymentPostprocessing = 0;
		};
/* End PBXSourcesBuildPhase section */

/* Begin PBXVariantGroup section */
		40A8747F2811373D009D2B66 /* Main.storyboard */ = {
			isa = PBXVariantGroup;
			children = (
				40A874802811373D009D2B66 /* Base */,
			);
			name = Main.storyboard;
			sourceTree = "<group>";
		};
		40A8748428113740009D2B66 /* LaunchScreen.storyboard */ = {
			isa = PBXVariantGroup;
			children = (
				40A8748528113740009D2B66 /* Base */,
			);
			name = LaunchScreen.storyboard;
			sourceTree = "<group>";
		};
/* End PBXVariantGroup section */

/* Begin XCBuildConfiguration section */
		40A8748A28113740009D2B66 /* Debug */ = {
			isa = XCBuildConfiguration;
			buildSettings = {
				ALWAYS_SEARCH_USER_PATHS = NO;
				CLANG_ANALYZER_NONNULL = YES;
				CLANG_ANALYZER_NUMBER_OBJECT_CONVERSION = YES_AGGRESSIVE;
				CLANG_CXX_LANGUAGE_STANDARD = "gnu++17";
				CLANG_CXX_LIBRARY = "libc++";
				CLANG_ENABLE_MODULES = YES;
				CLANG_ENABLE_OBJC_ARC = YES;
				CLANG_ENABLE_OBJC_WEAK = YES;
				CLANG_WARN_BLOCK_CAPTURE_AUTORELEASING = YES;
				CLANG_WARN_BOOL_CONVERSION = YES;
				CLANG_WARN_COMMA = YES;
				CLANG_WARN_CONSTANT_CONVERSION = YES;
				CLANG_WARN_DEPRECATED_OBJC_IMPLEMENTATIONS = YES;
				CLANG_WARN_DIRECT_OBJC_ISA_USAGE = YES_ERROR;
				CLANG_WARN_DOCUMENTATION_COMMENTS = YES;
				CLANG_WARN_EMPTY_BODY = YES;
				CLANG_WARN_ENUM_CONVERSION = YES;
				CLANG_WARN_INFINITE_RECURSION = YES;
				CLANG_WARN_INT_CONVERSION = YES;
				CLANG_WARN_NON_LITERAL_NULL_CONVERSION = YES;
				CLANG_WARN_OBJC_IMPLICIT_RETAIN_SELF = YES;
				CLANG_WARN_OBJC_LITERAL_CONVERSION = YES;
				CLANG_WARN_OBJC_ROOT_CLASS = YES_ERROR;
				CLANG_WARN_QUOTED_INCLUDE_IN_FRAMEWORK_HEADER = YES;
				CLANG_WARN_RANGE_LOOP_ANALYSIS = YES;
				CLANG_WARN_STRICT_PROTOTYPES = YES;
				CLANG_WARN_SUSPICIOUS_MOVE = YES;
				CLANG_WARN_UNGUARDED_AVAILABILITY = YES_AGGRESSIVE;
				CLANG_WARN_UNREACHABLE_CODE = YES;
				CLANG_WARN__DUPLICATE_METHOD_MATCH = YES;
				COPY_PHASE_STRIP = NO;
				DEBUG_INFORMATION_FORMAT = dwarf;
				ENABLE_STRICT_OBJC_MSGSEND = YES;
				ENABLE_TESTABILITY = YES;
				GCC_C_LANGUAGE_STANDARD = gnu11;
				GCC_DYNAMIC_NO_PIC = NO;
				GCC_NO_COMMON_BLOCKS = YES;
				GCC_OPTIMIZATION_LEVEL = 0;
				GCC_PREPROCESSOR_DEFINITIONS = (
					"DEBUG=1",
					"$(inherited)",
				);
				GCC_WARN_64_TO_32_BIT_CONVERSION = YES;
				GCC_WARN_ABOUT_RETURN_TYPE = YES_ERROR;
				GCC_WARN_UNDECLARED_SELECTOR = YES;
				GCC_WARN_UNINITIALIZED_AUTOS = YES_AGGRESSIVE;
				GCC_WARN_UNUSED_FUNCTION = YES;
				GCC_WARN_UNUSED_VARIABLE = YES;
				IPHONEOS_DEPLOYMENT_TARGET = 12.0;
				MTL_ENABLE_DEBUG_INFO = INCLUDE_SOURCE;
				MTL_FAST_MATH = YES;
				ONLY_ACTIVE_ARCH = YES;
				SDKROOT = iphoneos;
			};
			name = Debug;
		};
		40A8748B28113740009D2B66 /* Release */ = {
			isa = XCBuildConfiguration;
			buildSettings = {
				ALWAYS_SEARCH_USER_PATHS = NO;
				CLANG_ANALYZER_NONNULL = YES;
				CLANG_ANALYZER_NUMBER_OBJECT_CONVERSION = YES_AGGRESSIVE;
				CLANG_CXX_LANGUAGE_STANDARD = "gnu++17";
				CLANG_CXX_LIBRARY = "libc++";
				CLANG_ENABLE_MODULES = YES;
				CLANG_ENABLE_OBJC_ARC = YES;
				CLANG_ENABLE_OBJC_WEAK = YES;
				CLANG_WARN_BLOCK_CAPTURE_AUTORELEASING = YES;
				CLANG_WARN_BOOL_CONVERSION = YES;
				CLANG_WARN_COMMA = YES;
				CLANG_WARN_CONSTANT_CONVERSION = YES;
				CLANG_WARN_DEPRECATED_OBJC_IMPLEMENTATIONS = YES;
				CLANG_WARN_DIRECT_OBJC_ISA_USAGE = YES_ERROR;
				CLANG_WARN_DOCUMENTATION_COMMENTS = YES;
				CLANG_WARN_EMPTY_BODY = YES;
				CLANG_WARN_ENUM_CONVERSION = YES;
				CLANG_WARN_INFINITE_RECURSION = YES;
				CLANG_WARN_INT_CONVERSION = YES;
				CLANG_WARN_NON_LITERAL_NULL_CONVERSION = YES;
				CLANG_WARN_OBJC_IMPLICIT_RETAIN_SELF = YES;
				CLANG_WARN_OBJC_LITERAL_CONVERSION = YES;
				CLANG_WARN_OBJC_ROOT_CLASS = YES_ERROR;
				CLANG_WARN_QUOTED_INCLUDE_IN_FRAMEWORK_HEADER = YES;
				CLANG_WARN_RANGE_LOOP_ANALYSIS = YES;
				CLANG_WARN_STRICT_PROTOTYPES = YES;
				CLANG_WARN_SUSPICIOUS_MOVE = YES;
				CLANG_WARN_UNGUARDED_AVAILABILITY = YES_AGGRESSIVE;
				CLANG_WARN_UNREACHABLE_CODE = YES;
				CLANG_WARN__DUPLICATE_METHOD_MATCH = YES;
				COPY_PHASE_STRIP = NO;
				DEBUG_INFORMATION_FORMAT = "dwarf-with-dsym";
				ENABLE_NS_ASSERTIONS = NO;
				ENABLE_STRICT_OBJC_MSGSEND = YES;
				GCC_C_LANGUAGE_STANDARD = gnu11;
				GCC_NO_COMMON_BLOCKS = YES;
				GCC_WARN_64_TO_32_BIT_CONVERSION = YES;
				GCC_WARN_ABOUT_RETURN_TYPE = YES_ERROR;
				GCC_WARN_UNDECLARED_SELECTOR = YES;
				GCC_WARN_UNINITIALIZED_AUTOS = YES_AGGRESSIVE;
				GCC_WARN_UNUSED_FUNCTION = YES;
				GCC_WARN_UNUSED_VARIABLE = YES;
				IPHONEOS_DEPLOYMENT_TARGET = 12.0;
				MTL_ENABLE_DEBUG_INFO = NO;
				MTL_FAST_MATH = YES;
				SDKROOT = iphoneos;
				VALIDATE_PRODUCT = YES;
			};
			name = Release;
		};
		40A8748D28113740009D2B66 /* Debug */ = {
			isa = XCBuildConfiguration;
			baseConfigurationReference = 461E9F2BF07274A5DC560159 /* Pods-TestMMKVSize.debug.xcconfig */;
			buildSettings = {
				ASSETCATALOG_COMPILER_APPICON_NAME = AppIcon;
				ASSETCATALOG_COMPILER_GLOBAL_ACCENT_COLOR_NAME = AccentColor;
				CODE_SIGN_STYLE = Automatic;
				CURRENT_PROJECT_VERSION = 1;
				GENERATE_INFOPLIST_FILE = YES;
				INFOPLIST_FILE = TestMMKVSize/Info.plist;
				INFOPLIST_KEY_UIApplicationSupportsIndirectInputEvents = YES;
				INFOPLIST_KEY_UILaunchStoryboardName = LaunchScreen;
				INFOPLIST_KEY_UIMainStoryboardFile = Main;
				INFOPLIST_KEY_UISupportedInterfaceOrientations_iPad = "UIInterfaceOrientationPortrait UIInterfaceOrientationPortraitUpsideDown UIInterfaceOrientationLandscapeLeft UIInterfaceOrientationLandscapeRight";
				INFOPLIST_KEY_UISupportedInterfaceOrientations_iPhone = "UIInterfaceOrientationPortrait UIInterfaceOrientationLandscapeLeft UIInterfaceOrientationLandscapeRight";
				LD_RUNPATH_SEARCH_PATHS = (
					"$(inherited)",
					"@executable_path/Frameworks",
				);
				MARKETING_VERSION = 1.0;
				PRODUCT_BUNDLE_IDENTIFIER = com.kelei.TestMMKVSize;
				PRODUCT_NAME = "$(TARGET_NAME)";
				SWIFT_EMIT_LOC_STRINGS = YES;
				TARGETED_DEVICE_FAMILY = "1,2";
			};
			name = Debug;
		};
		40A8748E28113740009D2B66 /* Release */ = {
			isa = XCBuildConfiguration;
			baseConfigurationReference = E9088BB0A330F05BC7E13F11 /* Pods-TestMMKVSize.release.xcconfig */;
			buildSettings = {
				ASSETCATALOG_COMPILER_APPICON_NAME = AppIcon;
				ASSETCATALOG_COMPILER_GLOBAL_ACCENT_COLOR_NAME = AccentColor;
				CODE_SIGN_STYLE = Automatic;
				CURRENT_PROJECT_VERSION = 1;
				GENERATE_INFOPLIST_FILE = YES;
				INFOPLIST_FILE = TestMMKVSize/Info.plist;
				INFOPLIST_KEY_UIApplicationSupportsIndirectInputEvents = YES;
				INFOPLIST_KEY_UILaunchStoryboardName = LaunchScreen;
				INFOPLIST_KEY_UIMainStoryboardFile = Main;
				INFOPLIST_KEY_UISupportedInterfaceOrientations_iPad = "UIInterfaceOrientationPortrait UIInterfaceOrientationPortraitUpsideDown UIInterfaceOrientationLandscapeLeft UIInterfaceOrientationLandscapeRight";
				INFOPLIST_KEY_UISupportedInterfaceOrientations_iPhone = "UIInterfaceOrientationPortrait UIInterfaceOrientationLandscapeLeft UIInterfaceOrientationLandscapeRight";
				LD_RUNPATH_SEARCH_PATHS = (
					"$(inherited)",
					"@executable_path/Frameworks",
				);
				MARKETING_VERSION = 1.0;
				PRODUCT_BUNDLE_IDENTIFIER = com.kelei.TestMMKVSize;
				PRODUCT_NAME = "$(TARGET_NAME)";
				SWIFT_EMIT_LOC_STRINGS = YES;
				TARGETED_DEVICE_FAMILY = "1,2";
			};
			name = Release;
		};
/* End XCBuildConfiguration section */

/* Begin XCConfigurationList section */
		40A8746E2811373D009D2B66 /* Build configuration list for PBXProject "TestMMKVSize" */ = {
			isa = XCConfigurationList;
			buildConfigurations = (
				40A8748A28113740009D2B66 /* Debug */,
				40A8748B28113740009D2B66 /* Release */,
			);
			defaultConfigurationIsVisible = 0;
			defaultConfigurationName = Release;
		};
		40A8748C28113740009D2B66 /* Build configuration list for PBXNativeTarget "TestMMKVSize" */ = {
			isa = XCConfigurationList;
			buildConfigurations = (
				40A8748D28113740009D2B66 /* Debug */,
				40A8748E28113740009D2B66 /* Release */,
			);
			defaultConfigurationIsVisible = 0;
			defaultConfigurationName = Release;
		};
/* End XCConfigurationList section */
	};
	rootObject = 40A8746B2811373D009D2B66 /* Project object */;
}
